
Microsoft Visual Studio Solution File, Format Version 12.00
# Visual Studio 15
VisualStudioVersion = 15.0.26124.0
MinimumVisualStudioVersion = 15.0.26124.0
Project("{2150E333-8FDC-42A3-9474-1A3956D46DE8}") = "src", "src", "{7C14494E-048C-4D11-B93C-073C4EAB7C19}"
EndProject
Project("{FAE04EC0-301F-11D3-BF4B-00C04F79EFBC}") = "FuryTechs.LinuxAdmin.IdentityProvider", "src\FuryTechs.LinuxAdmin.IdentityProvider\FuryTechs.LinuxAdmin.IdentityProvider.csproj", "{50C42C90-565D-4F2D-B1C8-D555F740236D}"
EndProject
Project("{FAE04EC0-301F-11D3-BF4B-00C04F79EFBC}") = "FuryTechs.LinuxAdmin.Identity", "src\FuryTechs.LinuxAdmin.Identity\FuryTechs.LinuxAdmin.Identity.csproj", "{58F17E4F-87D4-4865-9A31-FEE5B21542A2}"
EndProject
Global
	GlobalSection(SolutionProperties) = preSolution
		HideSolutionNode = FALSE
	EndGlobalSection
	GlobalSection(SolutionConfigurationPlatforms) = preSolution
		Debug|Any CPU = Debug|Any CPU
		Debug|x64 = Debug|x64
		Debug|x86 = Debug|x86
		Release|Any CPU = Release|Any CPU
		Release|x64 = Release|x64
		Release|x86 = Release|x86
	EndGlobalSection
	GlobalSection(ProjectConfigurationPlatforms) = postSolution
		{50C42C90-565D-4F2D-B1C8-D555F740236D}.Debug|Any CPU.ActiveCfg = Debug|Any CPU
		{50C42C90-565D-4F2D-B1C8-D555F740236D}.Debug|Any CPU.Build.0 = Debug|Any CPU
		{50C42C90-565D-4F2D-B1C8-D555F740236D}.Debug|x64.ActiveCfg = Debug|Any CPU
		{50C42C90-565D-4F2D-B1C8-D555F740236D}.Debug|x64.Build.0 = Debug|Any CPU
		{50C42C90-565D-4F2D-B1C8-D555F740236D}.Debug|x86.ActiveCfg = Debug|Any CPU
		{50C42C90-565D-4F2D-B1C8-D555F740236D}.Debug|x86.Build.0 = Debug|Any CPU
		{50C42C90-565D-4F2D-B1C8-D555F740236D}.Release|Any CPU.ActiveCfg = Release|Any CPU
		{50C42C90-565D-4F2D-B1C8-D555F740236D}.Release|Any CPU.Build.0 = Release|Any CPU
		{50C42C90-565D-4F2D-B1C8-D555F740236D}.Release|x64.ActiveCfg = Release|Any CPU
		{50C42C90-565D-4F2D-B1C8-D555F740236D}.Release|x64.Build.0 = Release|Any CPU
		{50C42C90-565D-4F2D-B1C8-D555F740236D}.Release|x86.ActiveCfg = Release|Any CPU
		{50C42C90-565D-4F2D-B1C8-D555F740236D}.Release|x86.Build.0 = Release|Any CPU
		{58F17E4F-87D4-4865-9A31-FEE5B21542A2}.Debug|Any CPU.ActiveCfg = Debug|Any CPU
		{58F17E4F-87D4-4865-9A31-FEE5B21542A2}.Debug|Any CPU.Build.0 = Debug|Any CPU
		{58F17E4F-87D4-4865-9A31-FEE5B21542A2}.Debug|x64.ActiveCfg = Debug|Any CPU
		{58F17E4F-87D4-4865-9A31-FEE5B21542A2}.Debug|x64.Build.0 = Debug|Any CPU
		{58F17E4F-87D4-4865-9A31-FEE5B21542A2}.Debug|x86.ActiveCfg = Debug|Any CPU
		{58F17E4F-87D4-4865-9A31-FEE5B21542A2}.Debug|x86.Build.0 = Debug|Any CPU
		{58F17E4F-87D4-4865-9A31-FEE5B21542A2}.Release|Any CPU.ActiveCfg = Release|Any CPU
		{58F17E4F-87D4-4865-9A31-FEE5B21542A2}.Release|Any CPU.Build.0 = Release|Any CPU
		{58F17E4F-87D4-4865-9A31-FEE5B21542A2}.Release|x64.ActiveCfg = Release|Any CPU
		{58F17E4F-87D4-4865-9A31-FEE5B21542A2}.Release|x64.Build.0 = Release|Any CPU
		{58F17E4F-87D4-4865-9A31-FEE5B21542A2}.Release|x86.ActiveCfg = Release|Any CPU
		{58F17E4F-87D4-4865-9A31-FEE5B21542A2}.Release|x86.Build.0 = Release|Any CPU
	EndGlobalSection
	GlobalSection(NestedProjects) = preSolution
		{50C42C90-565D-4F2D-B1C8-D555F740236D} = {7C14494E-048C-4D11-B93C-073C4EAB7C19}
		{58F17E4F-87D4-4865-9A31-FEE5B21542A2} = {7C14494E-048C-4D11-B93C-073C4EAB7C19}
	EndGlobalSection
EndGlobal
