
Microsoft Visual Studio Solution File, Format Version 12.00
# Visual Studio Version 16
VisualStudioVersion = 16.0.30611.23
MinimumVisualStudioVersion = 15.0.26124.0
Project("{2150E333-8FDC-42A3-9474-1A3956D46DE8}") = "src", "src", "{32F726E2-2A41-40D3-8D95-69E6AFC2F122}"
EndProject
Project("{9A19103F-16F7-4668-BE54-9A1E7A4F7556}") = "FuryTechs.LinuxAdmin.Core", "src\Core\FuryTechs.LinuxAdmin.Core.csproj", "{25B4DED8-B3D0-4308-B40F-933F2426F2F3}"
EndProject
Global
	GlobalSection(SolutionConfigurationPlatforms) = preSolution
		Debug|Any CPU = Debug|Any CPU
		Debug|x64 = Debug|x64
		Debug|x86 = Debug|x86
		Release|Any CPU = Release|Any CPU
		Release|x64 = Release|x64
		Release|x86 = Release|x86
	EndGlobalSection
	GlobalSection(ProjectConfigurationPlatforms) = postSolution
		{25B4DED8-B3D0-4308-B40F-933F2426F2F3}.Debug|Any CPU.ActiveCfg = Debug|Any CPU
		{25B4DED8-B3D0-4308-B40F-933F2426F2F3}.Debug|Any CPU.Build.0 = Debug|Any CPU
		{25B4DED8-B3D0-4308-B40F-933F2426F2F3}.Debug|x64.ActiveCfg = Debug|Any CPU
		{25B4DED8-B3D0-4308-B40F-933F2426F2F3}.Debug|x64.Build.0 = Debug|Any CPU
		{25B4DED8-B3D0-4308-B40F-933F2426F2F3}.Debug|x86.ActiveCfg = Debug|Any CPU
		{25B4DED8-B3D0-4308-B40F-933F2426F2F3}.Debug|x86.Build.0 = Debug|Any CPU
		{25B4DED8-B3D0-4308-B40F-933F2426F2F3}.Release|Any CPU.ActiveCfg = Release|Any CPU
		{25B4DED8-B3D0-4308-B40F-933F2426F2F3}.Release|Any CPU.Build.0 = Release|Any CPU
		{25B4DED8-B3D0-4308-B40F-933F2426F2F3}.Release|x64.ActiveCfg = Release|Any CPU
		{25B4DED8-B3D0-4308-B40F-933F2426F2F3}.Release|x64.Build.0 = Release|Any CPU
		{25B4DED8-B3D0-4308-B40F-933F2426F2F3}.Release|x86.ActiveCfg = Release|Any CPU
		{25B4DED8-B3D0-4308-B40F-933F2426F2F3}.Release|x86.Build.0 = Release|Any CPU
	EndGlobalSection
	GlobalSection(SolutionProperties) = preSolution
		HideSolutionNode = FALSE
	EndGlobalSection
	GlobalSection(NestedProjects) = preSolution
		{25B4DED8-B3D0-4308-B40F-933F2426F2F3} = {32F726E2-2A41-40D3-8D95-69E6AFC2F122}
	EndGlobalSection
	GlobalSection(ExtensibilityGlobals) = postSolution
		SolutionGuid = {110E66F7-0A1E-4836-9806-C92F7DEBC00C}
	EndGlobalSection
EndGlobal
